
Microsoft Visual Studio Solution File, Format Version 12.00
# Visual Studio Version 16
VisualStudioVersion = 16.0.31105.61
MinimumVisualStudioVersion = 10.0.40219.1
Project("{FAE04EC0-301F-11D3-BF4B-00C04F79EFBC}") = "MITLibraryTextBookManagementSystem", "MITLibraryTextBookManagementSystem\MITLibraryTextBookManagementSystem.csproj", "{B2177DF9-8043-40CB-8362-F6F8ADED2518}"
EndProject
Global
	GlobalSection(SolutionConfigurationPlatforms) = preSolution
		Debug|Any CPU = Debug|Any CPU
		Release|Any CPU = Release|Any CPU
	EndGlobalSection
	GlobalSection(ProjectConfigurationPlatforms) = postSolution
		{B2177DF9-8043-40CB-8362-F6F8ADED2518}.Debug|Any CPU.ActiveCfg = Debug|Any CPU
		{B2177DF9-8043-40CB-8362-F6F8ADED2518}.Debug|Any CPU.Build.0 = Debug|Any CPU
		{B2177DF9-8043-40CB-8362-F6F8ADED2518}.Release|Any CPU.ActiveCfg = Release|Any CPU
		{B2177DF9-8043-40CB-8362-F6F8ADED2518}.Release|Any CPU.Build.0 = Release|Any CPU
	EndGlobalSection
	GlobalSection(SolutionProperties) = preSolution
		HideSolutionNode = FALSE
	EndGlobalSection
	GlobalSection(ExtensibilityGlobals) = postSolution
		SolutionGuid = {7D148A36-AAAD-4164-B9EC-B61D980E4B2E}
	EndGlobalSection
EndGlobal
